
Microsoft Visual Studio Solution File, Format Version 12.00
# Visual Studio 2012
Project("{FAE04EC0-301F-11D3-BF4B-00C04F79EFBC}") = "TeamBuilder", "TeamBuilder\TeamBuilder.csproj", "{A1CB8BF9-3106-44F1-8C80-FFF0C24EA4C2}"
EndProject
Project("{FAE04EC0-301F-11D3-BF4B-00C04F79EFBC}") = "DAL", "DAL\DAL.csproj", "{9B6C1DAE-5844-42C0-8D53-9EB15C9BCA47}"
EndProject
Project("{FAE04EC0-301F-11D3-BF4B-00C04F79EFBC}") = "TeamBuilder-Console", "TeamBuilder-Console\TeamBuilder-Console.csproj", "{1C6BC2C4-62BD-4AC1-B54F-255738091738}"
EndProject
Global
	GlobalSection(SolutionConfigurationPlatforms) = preSolution
		Debug|Any CPU = Debug|Any CPU
		Release|Any CPU = Release|Any CPU
	EndGlobalSection
	GlobalSection(ProjectConfigurationPlatforms) = postSolution
		{1C6BC2C4-62BD-4AC1-B54F-255738091738}.Debug|Any CPU.ActiveCfg = Debug|Any CPU
		{1C6BC2C4-62BD-4AC1-B54F-255738091738}.Debug|Any CPU.Build.0 = Debug|Any CPU
		{1C6BC2C4-62BD-4AC1-B54F-255738091738}.Release|Any CPU.ActiveCfg = Release|Any CPU
		{1C6BC2C4-62BD-4AC1-B54F-255738091738}.Release|Any CPU.Build.0 = Release|Any CPU
		{9B6C1DAE-5844-42C0-8D53-9EB15C9BCA47}.Debug|Any CPU.ActiveCfg = Debug|Any CPU
		{9B6C1DAE-5844-42C0-8D53-9EB15C9BCA47}.Debug|Any CPU.Build.0 = Debug|Any CPU
		{9B6C1DAE-5844-42C0-8D53-9EB15C9BCA47}.Release|Any CPU.ActiveCfg = Release|Any CPU
		{9B6C1DAE-5844-42C0-8D53-9EB15C9BCA47}.Release|Any CPU.Build.0 = Release|Any CPU
		{A1CB8BF9-3106-44F1-8C80-FFF0C24EA4C2}.Debug|Any CPU.ActiveCfg = Debug|Any CPU
		{A1CB8BF9-3106-44F1-8C80-FFF0C24EA4C2}.Debug|Any CPU.Build.0 = Debug|Any CPU
		{A1CB8BF9-3106-44F1-8C80-FFF0C24EA4C2}.Release|Any CPU.ActiveCfg = Release|Any CPU
		{A1CB8BF9-3106-44F1-8C80-FFF0C24EA4C2}.Release|Any CPU.Build.0 = Release|Any CPU
	EndGlobalSection
EndGlobal
