
Microsoft Visual Studio Solution File, Format Version 12.00
# Visual Studio 2012
Project("{FAE04EC0-301F-11D3-BF4B-00C04F79EFBC}") = "SayHello", "SayHello\SayHello.csproj", "{FB66FB6A-0A4D-426F-8A5F-55D5C98B6F62}"
EndProject
Global
	GlobalSection(SolutionConfigurationPlatforms) = preSolution
		Debug|Any CPU = Debug|Any CPU
		Release|Any CPU = Release|Any CPU
	EndGlobalSection
	GlobalSection(ProjectConfigurationPlatforms) = postSolution
		{FB66FB6A-0A4D-426F-8A5F-55D5C98B6F62}.Debug|Any CPU.ActiveCfg = Debug|Any CPU
		{FB66FB6A-0A4D-426F-8A5F-55D5C98B6F62}.Debug|Any CPU.Build.0 = Debug|Any CPU
		{FB66FB6A-0A4D-426F-8A5F-55D5C98B6F62}.Release|Any CPU.ActiveCfg = Release|Any CPU
		{FB66FB6A-0A4D-426F-8A5F-55D5C98B6F62}.Release|Any CPU.Build.0 = Release|Any CPU
	EndGlobalSection
EndGlobal
